// !$*UTF8*$!
{
	archiveVersion = 1;
	classes = {
	};
	objectVersion = 50;
	objects = {

/* Begin PBXBuildFile section */
		5258EF772258FA5A00BF6535 /* AppDelegate.swift in Sources */ = {isa = PBXBuildFile; fileRef = 5258EF762258FA5A00BF6535 /* AppDelegate.swift */; };
		5258EF7C2258FA5A00BF6535 /* Main.storyboard in Resources */ = {isa = PBXBuildFile; fileRef = 5258EF7A2258FA5A00BF6535 /* Main.storyboard */; };
		5258EF7E2258FA5B00BF6535 /* Assets.xcassets in Resources */ = {isa = PBXBuildFile; fileRef = 5258EF7D2258FA5B00BF6535 /* Assets.xcassets */; };
		5258EF812258FA5B00BF6535 /* LaunchScreen.storyboard in Resources */ = {isa = PBXBuildFile; fileRef = 5258EF7F2258FA5B00BF6535 /* LaunchScreen.storyboard */; };
		5258EF8C2258FA5B00BF6535 /* QuizzAppTests.swift in Sources */ = {isa = PBXBuildFile; fileRef = 5258EF8B2258FA5B00BF6535 /* QuizzAppTests.swift */; };
		5258EF972258FA5B00BF6535 /* QuizzAppUITests.swift in Sources */ = {isa = PBXBuildFile; fileRef = 5258EF962258FA5B00BF6535 /* QuizzAppUITests.swift */; };
		5258EFB1225923C500BF6535 /* QuizService.swift in Sources */ = {isa = PBXBuildFile; fileRef = 5258EFB0225923C500BF6535 /* QuizService.swift */; };
		5258EFB32259245000BF6535 /* Quiz.swift in Sources */ = {isa = PBXBuildFile; fileRef = 5258EFB22259245000BF6535 /* Quiz.swift */; };
		5258EFB522592BD800BF6535 /* Question.swift in Sources */ = {isa = PBXBuildFile; fileRef = 5258EFB422592BD800BF6535 /* Question.swift */; };
		5264AB0B225A656E00820D5A /* FrontImageService.swift in Sources */ = {isa = PBXBuildFile; fileRef = 5264AB0A225A656E00820D5A /* FrontImageService.swift */; };
		5264AB0D225A662E00820D5A /* ImageBackground.swift in Sources */ = {isa = PBXBuildFile; fileRef = 5264AB0C225A662E00820D5A /* ImageBackground.swift */; };
		5264AB13225B965700820D5A /* QuestionView.swift in Sources */ = {isa = PBXBuildFile; fileRef = 5264AB12225B965700820D5A /* QuestionView.swift */; };
		5264AB15225E8CAE00820D5A /* InitialViewController.xib in Resources */ = {isa = PBXBuildFile; fileRef = 5264AB14225E8CAE00820D5A /* InitialViewController.xib */; };
		5264AB17225E8D8000820D5A /* InitialViewController.swift in Sources */ = {isa = PBXBuildFile; fileRef = 5264AB16225E8D8000820D5A /* InitialViewController.swift */; };
		5264AB19225EA04600820D5A /* QuestionView.xib in Resources */ = {isa = PBXBuildFile; fileRef = 5264AB18225EA04600820D5A /* QuestionView.xib */; };
/* End PBXBuildFile section */

/* Begin PBXContainerItemProxy section */
		5258EF882258FA5B00BF6535 /* PBXContainerItemProxy */ = {
			isa = PBXContainerItemProxy;
			containerPortal = 5258EF6B2258FA5A00BF6535 /* Project object */;
			proxyType = 1;
			remoteGlobalIDString = 5258EF722258FA5A00BF6535;
			remoteInfo = QuizzApp;
		};
		5258EF932258FA5B00BF6535 /* PBXContainerItemProxy */ = {
			isa = PBXContainerItemProxy;
			containerPortal = 5258EF6B2258FA5A00BF6535 /* Project object */;
			proxyType = 1;
			remoteGlobalIDString = 5258EF722258FA5A00BF6535;
			remoteInfo = QuizzApp;
		};
/* End PBXContainerItemProxy section */

/* Begin PBXFileReference section */
		5258EF732258FA5A00BF6535 /* QuizzApp.app */ = {isa = PBXFileReference; explicitFileType = wrapper.application; includeInIndex = 0; path = QuizzApp.app; sourceTree = BUILT_PRODUCTS_DIR; };
		5258EF762258FA5A00BF6535 /* AppDelegate.swift */ = {isa = PBXFileReference; lastKnownFileType = sourcecode.swift; path = AppDelegate.swift; sourceTree = "<group>"; };
		5258EF7B2258FA5A00BF6535 /* Base */ = {isa = PBXFileReference; lastKnownFileType = file.storyboard; name = Base; path = Base.lproj/Main.storyboard; sourceTree = "<group>"; };
		5258EF7D2258FA5B00BF6535 /* Assets.xcassets */ = {isa = PBXFileReference; lastKnownFileType = folder.assetcatalog; path = Assets.xcassets; sourceTree = "<group>"; };
		5258EF802258FA5B00BF6535 /* Base */ = {isa = PBXFileReference; lastKnownFileType = file.storyboard; name = Base; path = Base.lproj/LaunchScreen.storyboard; sourceTree = "<group>"; };
		5258EF822258FA5B00BF6535 /* Info.plist */ = {isa = PBXFileReference; lastKnownFileType = text.plist.xml; path = Info.plist; sourceTree = "<group>"; };
		5258EF872258FA5B00BF6535 /* QuizzAppTests.xctest */ = {isa = PBXFileReference; explicitFileType = wrapper.cfbundle; includeInIndex = 0; path = QuizzAppTests.xctest; sourceTree = BUILT_PRODUCTS_DIR; };
		5258EF8B2258FA5B00BF6535 /* QuizzAppTests.swift */ = {isa = PBXFileReference; lastKnownFileType = sourcecode.swift; path = QuizzAppTests.swift; sourceTree = "<group>"; };
		5258EF8D2258FA5B00BF6535 /* Info.plist */ = {isa = PBXFileReference; lastKnownFileType = text.plist.xml; path = Info.plist; sourceTree = "<group>"; };
		5258EF922258FA5B00BF6535 /* QuizzAppUITests.xctest */ = {isa = PBXFileReference; explicitFileType = wrapper.cfbundle; includeInIndex = 0; path = QuizzAppUITests.xctest; sourceTree = BUILT_PRODUCTS_DIR; };
		5258EF962258FA5B00BF6535 /* QuizzAppUITests.swift */ = {isa = PBXFileReference; lastKnownFileType = sourcecode.swift; path = QuizzAppUITests.swift; sourceTree = "<group>"; };
		5258EF982258FA5B00BF6535 /* Info.plist */ = {isa = PBXFileReference; lastKnownFileType = text.plist.xml; path = Info.plist; sourceTree = "<group>"; };
		5258EFB0225923C500BF6535 /* QuizService.swift */ = {isa = PBXFileReference; lastKnownFileType = sourcecode.swift; path = QuizService.swift; sourceTree = "<group>"; };
		5258EFB22259245000BF6535 /* Quiz.swift */ = {isa = PBXFileReference; lastKnownFileType = sourcecode.swift; path = Quiz.swift; sourceTree = "<group>"; };
		5258EFB422592BD800BF6535 /* Question.swift */ = {isa = PBXFileReference; lastKnownFileType = sourcecode.swift; path = Question.swift; sourceTree = "<group>"; };
		5264AB0A225A656E00820D5A /* FrontImageService.swift */ = {isa = PBXFileReference; lastKnownFileType = sourcecode.swift; path = FrontImageService.swift; sourceTree = "<group>"; };
		5264AB0C225A662E00820D5A /* ImageBackground.swift */ = {isa = PBXFileReference; lastKnownFileType = sourcecode.swift; path = ImageBackground.swift; sourceTree = "<group>"; };
		5264AB12225B965700820D5A /* QuestionView.swift */ = {isa = PBXFileReference; lastKnownFileType = sourcecode.swift; path = QuestionView.swift; sourceTree = "<group>"; };
		5264AB14225E8CAE00820D5A /* InitialViewController.xib */ = {isa = PBXFileReference; lastKnownFileType = file.xib; path = InitialViewController.xib; sourceTree = "<group>"; };
		5264AB16225E8D8000820D5A /* InitialViewController.swift */ = {isa = PBXFileReference; lastKnownFileType = sourcecode.swift; path = InitialViewController.swift; sourceTree = "<group>"; };
		5264AB18225EA04600820D5A /* QuestionView.xib */ = {isa = PBXFileReference; lastKnownFileType = file.xib; path = QuestionView.xib; sourceTree = "<group>"; };
/* End PBXFileReference section */

/* Begin PBXFrameworksBuildPhase section */
		5258EF702258FA5A00BF6535 /* Frameworks */ = {
			isa = PBXFrameworksBuildPhase;
			buildActionMask = 2147483647;
			files = (
			);
			runOnlyForDeploymentPostprocessing = 0;
		};
		5258EF842258FA5B00BF6535 /* Frameworks */ = {
			isa = PBXFrameworksBuildPhase;
			buildActionMask = 2147483647;
			files = (
			);
			runOnlyForDeploymentPostprocessing = 0;
		};
		5258EF8F2258FA5B00BF6535 /* Frameworks */ = {
			isa = PBXFrameworksBuildPhase;
			buildActionMask = 2147483647;
			files = (
			);
			runOnlyForDeploymentPostprocessing = 0;
		};
/* End PBXFrameworksBuildPhase section */

/* Begin PBXGroup section */
		5258EF6A2258FA5A00BF6535 = {
			isa = PBXGroup;
			children = (
				5258EFAF2259238800BF6535 /* Models */,
				5258EFAE2259238200BF6535 /* Services */,
				5258EFAD2259237A00BF6535 /* Controllers */,
				5258EFAC2259237100BF6535 /* Views */,
				5258EF752258FA5A00BF6535 /* QuizzApp */,
				5258EF8A2258FA5B00BF6535 /* QuizzAppTests */,
				5258EF952258FA5B00BF6535 /* QuizzAppUITests */,
				5258EF742258FA5A00BF6535 /* Products */,
			);
			sourceTree = "<group>";
		};
		5258EF742258FA5A00BF6535 /* Products */ = {
			isa = PBXGroup;
			children = (
				5258EF732258FA5A00BF6535 /* QuizzApp.app */,
				5258EF872258FA5B00BF6535 /* QuizzAppTests.xctest */,
				5258EF922258FA5B00BF6535 /* QuizzAppUITests.xctest */,
			);
			name = Products;
			sourceTree = "<group>";
		};
		5258EF752258FA5A00BF6535 /* QuizzApp */ = {
			isa = PBXGroup;
			children = (
				5258EF762258FA5A00BF6535 /* AppDelegate.swift */,
				5258EF7A2258FA5A00BF6535 /* Main.storyboard */,
				5258EF7D2258FA5B00BF6535 /* Assets.xcassets */,
				5258EF7F2258FA5B00BF6535 /* LaunchScreen.storyboard */,
				5258EF822258FA5B00BF6535 /* Info.plist */,
			);
			path = QuizzApp;
			sourceTree = "<group>";
		};
		5258EF8A2258FA5B00BF6535 /* QuizzAppTests */ = {
			isa = PBXGroup;
			children = (
				5258EF8B2258FA5B00BF6535 /* QuizzAppTests.swift */,
				5258EF8D2258FA5B00BF6535 /* Info.plist */,
			);
			path = QuizzAppTests;
			sourceTree = "<group>";
		};
		5258EF952258FA5B00BF6535 /* QuizzAppUITests */ = {
			isa = PBXGroup;
			children = (
				5258EF962258FA5B00BF6535 /* QuizzAppUITests.swift */,
				5258EF982258FA5B00BF6535 /* Info.plist */,
			);
			path = QuizzAppUITests;
			sourceTree = "<group>";
		};
		5258EFAC2259237100BF6535 /* Views */ = {
			isa = PBXGroup;
			children = (
				5264AB12225B965700820D5A /* QuestionView.swift */,
				5264AB18225EA04600820D5A /* QuestionView.xib */,
			);
			path = Views;
			sourceTree = "<group>";
		};
		5258EFAD2259237A00BF6535 /* Controllers */ = {
			isa = PBXGroup;
			children = (
				5264AB14225E8CAE00820D5A /* InitialViewController.xib */,
				5264AB16225E8D8000820D5A /* InitialViewController.swift */,
			);
			path = Controllers;
			sourceTree = "<group>";
		};
		5258EFAE2259238200BF6535 /* Services */ = {
			isa = PBXGroup;
			children = (
				5258EFB0225923C500BF6535 /* QuizService.swift */,
				5264AB0A225A656E00820D5A /* FrontImageService.swift */,
			);
			path = Services;
			sourceTree = "<group>";
		};
		5258EFAF2259238800BF6535 /* Models */ = {
			isa = PBXGroup;
			children = (
				5258EFB22259245000BF6535 /* Quiz.swift */,
				5258EFB422592BD800BF6535 /* Question.swift */,
				5264AB0C225A662E00820D5A /* ImageBackground.swift */,
			);
			path = Models;
			sourceTree = "<group>";
		};
/* End PBXGroup section */

/* Begin PBXNativeTarget section */
		5258EF722258FA5A00BF6535 /* QuizzApp */ = {
			isa = PBXNativeTarget;
			buildConfigurationList = 5258EF9B2258FA5B00BF6535 /* Build configuration list for PBXNativeTarget "QuizzApp" */;
			buildPhases = (
				5258EF6F2258FA5A00BF6535 /* Sources */,
				5258EF702258FA5A00BF6535 /* Frameworks */,
				5258EF712258FA5A00BF6535 /* Resources */,
			);
			buildRules = (
			);
			dependencies = (
			);
			name = QuizzApp;
			productName = QuizzApp;
			productReference = 5258EF732258FA5A00BF6535 /* QuizzApp.app */;
			productType = "com.apple.product-type.application";
		};
		5258EF862258FA5B00BF6535 /* QuizzAppTests */ = {
			isa = PBXNativeTarget;
			buildConfigurationList = 5258EF9E2258FA5B00BF6535 /* Build configuration list for PBXNativeTarget "QuizzAppTests" */;
			buildPhases = (
				5258EF832258FA5B00BF6535 /* Sources */,
				5258EF842258FA5B00BF6535 /* Frameworks */,
				5258EF852258FA5B00BF6535 /* Resources */,
			);
			buildRules = (
			);
			dependencies = (
				5258EF892258FA5B00BF6535 /* PBXTargetDependency */,
			);
			name = QuizzAppTests;
			productName = QuizzAppTests;
			productReference = 5258EF872258FA5B00BF6535 /* QuizzAppTests.xctest */;
			productType = "com.apple.product-type.bundle.unit-test";
		};
		5258EF912258FA5B00BF6535 /* QuizzAppUITests */ = {
			isa = PBXNativeTarget;
			buildConfigurationList = 5258EFA12258FA5B00BF6535 /* Build configuration list for PBXNativeTarget "QuizzAppUITests" */;
			buildPhases = (
				5258EF8E2258FA5B00BF6535 /* Sources */,
				5258EF8F2258FA5B00BF6535 /* Frameworks */,
				5258EF902258FA5B00BF6535 /* Resources */,
			);
			buildRules = (
			);
			dependencies = (
				5258EF942258FA5B00BF6535 /* PBXTargetDependency */,
			);
			name = QuizzAppUITests;
			productName = QuizzAppUITests;
			productReference = 5258EF922258FA5B00BF6535 /* QuizzAppUITests.xctest */;
			productType = "com.apple.product-type.bundle.ui-testing";
		};
/* End PBXNativeTarget section */

/* Begin PBXProject section */
		5258EF6B2258FA5A00BF6535 /* Project object */ = {
			isa = PBXProject;
			attributes = {
				LastSwiftUpdateCheck = 1010;
				LastUpgradeCheck = 1010;
				ORGANIZATIONNAME = BrunoJ;
				TargetAttributes = {
					5258EF722258FA5A00BF6535 = {
						CreatedOnToolsVersion = 10.1;
					};
					5258EF862258FA5B00BF6535 = {
						CreatedOnToolsVersion = 10.1;
						TestTargetID = 5258EF722258FA5A00BF6535;
					};
					5258EF912258FA5B00BF6535 = {
						CreatedOnToolsVersion = 10.1;
						TestTargetID = 5258EF722258FA5A00BF6535;
					};
				};
			};
			buildConfigurationList = 5258EF6E2258FA5A00BF6535 /* Build configuration list for PBXProject "QuizzApp" */;
			compatibilityVersion = "Xcode 9.3";
			developmentRegion = en;
			hasScannedForEncodings = 0;
			knownRegions = (
				en,
				Base,
			);
			mainGroup = 5258EF6A2258FA5A00BF6535;
			productRefGroup = 5258EF742258FA5A00BF6535 /* Products */;
			projectDirPath = "";
			projectRoot = "";
			targets = (
				5258EF722258FA5A00BF6535 /* QuizzApp */,
				5258EF862258FA5B00BF6535 /* QuizzAppTests */,
				5258EF912258FA5B00BF6535 /* QuizzAppUITests */,
			);
		};
/* End PBXProject section */

/* Begin PBXResourcesBuildPhase section */
		5258EF712258FA5A00BF6535 /* Resources */ = {
			isa = PBXResourcesBuildPhase;
			buildActionMask = 2147483647;
			files = (
				5258EF812258FA5B00BF6535 /* LaunchScreen.storyboard in Resources */,
				5264AB19225EA04600820D5A /* QuestionView.xib in Resources */,
				5264AB15225E8CAE00820D5A /* InitialViewController.xib in Resources */,
				5258EF7E2258FA5B00BF6535 /* Assets.xcassets in Resources */,
				5258EF7C2258FA5A00BF6535 /* Main.storyboard in Resources */,
			);
			runOnlyForDeploymentPostprocessing = 0;
		};
		5258EF852258FA5B00BF6535 /* Resources */ = {
			isa = PBXResourcesBuildPhase;
			buildActionMask = 2147483647;
			files = (
			);
			runOnlyForDeploymentPostprocessing = 0;
		};
		5258EF902258FA5B00BF6535 /* Resources */ = {
			isa = PBXResourcesBuildPhase;
			buildActionMask = 2147483647;
			files = (
			);
			runOnlyForDeploymentPostprocessing = 0;
		};
/* End PBXResourcesBuildPhase section */

/* Begin PBXSourcesBuildPhase section */
		5258EF6F2258FA5A00BF6535 /* Sources */ = {
			isa = PBXSourcesBuildPhase;
			buildActionMask = 2147483647;
			files = (
				5258EFB522592BD800BF6535 /* Question.swift in Sources */,
				5264AB0B225A656E00820D5A /* FrontImageService.swift in Sources */,
				5264AB0D225A662E00820D5A /* ImageBackground.swift in Sources */,
				5264AB17225E8D8000820D5A /* InitialViewController.swift in Sources */,
				5258EFB32259245000BF6535 /* Quiz.swift in Sources */,
				5264AB13225B965700820D5A /* QuestionView.swift in Sources */,
				5258EFB1225923C500BF6535 /* QuizService.swift in Sources */,
				5258EF772258FA5A00BF6535 /* AppDelegate.swift in Sources */,
			);
			runOnlyForDeploymentPostprocessing = 0;
		};
		5258EF832258FA5B00BF6535 /* Sources */ = {
			isa = PBXSourcesBuildPhase;
			buildActionMask = 2147483647;
			files = (
				5258EF8C2258FA5B00BF6535 /* QuizzAppTests.swift in Sources */,
			);
			runOnlyForDeploymentPostprocessing = 0;
		};
		5258EF8E2258FA5B00BF6535 /* Sources */ = {
			isa = PBXSourcesBuildPhase;
			buildActionMask = 2147483647;
			files = (
				5258EF972258FA5B00BF6535 /* QuizzAppUITests.swift in Sources */,
			);
			runOnlyForDeploymentPostprocessing = 0;
		};
/* End PBXSourcesBuildPhase section */

/* Begin PBXTargetDependency section */
		5258EF892258FA5B00BF6535 /* PBXTargetDependency */ = {
			isa = PBXTargetDependency;
			target = 5258EF722258FA5A00BF6535 /* QuizzApp */;
			targetProxy = 5258EF882258FA5B00BF6535 /* PBXContainerItemProxy */;
		};
		5258EF942258FA5B00BF6535 /* PBXTargetDependency */ = {
			isa = PBXTargetDependency;
			target = 5258EF722258FA5A00BF6535 /* QuizzApp */;
			targetProxy = 5258EF932258FA5B00BF6535 /* PBXContainerItemProxy */;
		};
/* End PBXTargetDependency section */

/* Begin PBXVariantGroup section */
		5258EF7A2258FA5A00BF6535 /* Main.storyboard */ = {
			isa = PBXVariantGroup;
			children = (
				5258EF7B2258FA5A00BF6535 /* Base */,
			);
			name = Main.storyboard;
			sourceTree = "<group>";
		};
		5258EF7F2258FA5B00BF6535 /* LaunchScreen.storyboard */ = {
			isa = PBXVariantGroup;
			children = (
				5258EF802258FA5B00BF6535 /* Base */,
			);
			name = LaunchScreen.storyboard;
			sourceTree = "<group>";
		};
/* End PBXVariantGroup section */

/* Begin XCBuildConfiguration section */
		5258EF992258FA5B00BF6535 /* Debug */ = {
			isa = XCBuildConfiguration;
			buildSettings = {
				ALWAYS_SEARCH_USER_PATHS = NO;
				CLANG_ANALYZER_NONNULL = YES;
				CLANG_ANALYZER_NUMBER_OBJECT_CONVERSION = YES_AGGRESSIVE;
				CLANG_CXX_LANGUAGE_STANDARD = "gnu++14";
				CLANG_CXX_LIBRARY = "libc++";
				CLANG_ENABLE_MODULES = YES;
				CLANG_ENABLE_OBJC_ARC = YES;
				CLANG_ENABLE_OBJC_WEAK = YES;
				CLANG_WARN_BLOCK_CAPTURE_AUTORELEASING = YES;
				CLANG_WARN_BOOL_CONVERSION = YES;
				CLANG_WARN_COMMA = YES;
				CLANG_WARN_CONSTANT_CONVERSION = YES;
				CLANG_WARN_DEPRECATED_OBJC_IMPLEMENTATIONS = YES;
				CLANG_WARN_DIRECT_OBJC_ISA_USAGE = YES_ERROR;
				CLANG_WARN_DOCUMENTATION_COMMENTS = YES;
				CLANG_WARN_EMPTY_BODY = YES;
				CLANG_WARN_ENUM_CONVERSION = YES;
				CLANG_WARN_INFINITE_RECURSION = YES;
				CLANG_WARN_INT_CONVERSION = YES;
				CLANG_WARN_NON_LITERAL_NULL_CONVERSION = YES;
				CLANG_WARN_OBJC_IMPLICIT_RETAIN_SELF = YES;
				CLANG_WARN_OBJC_LITERAL_CONVERSION = YES;
				CLANG_WARN_OBJC_ROOT_CLASS = YES_ERROR;
				CLANG_WARN_RANGE_LOOP_ANALYSIS = YES;
				CLANG_WARN_STRICT_PROTOTYPES = YES;
				CLANG_WARN_SUSPICIOUS_MOVE = YES;
				CLANG_WARN_UNGUARDED_AVAILABILITY = YES_AGGRESSIVE;
				CLANG_WARN_UNREACHABLE_CODE = YES;
				CLANG_WARN__DUPLICATE_METHOD_MATCH = YES;
				CODE_SIGN_IDENTITY = "iPhone Developer";
				COPY_PHASE_STRIP = NO;
				DEBUG_INFORMATION_FORMAT = dwarf;
				ENABLE_STRICT_OBJC_MSGSEND = YES;
				ENABLE_TESTABILITY = YES;
				GCC_C_LANGUAGE_STANDARD = gnu11;
				GCC_DYNAMIC_NO_PIC = NO;
				GCC_NO_COMMON_BLOCKS = YES;
				GCC_OPTIMIZATION_LEVEL = 0;
				GCC_PREPROCESSOR_DEFINITIONS = (
					"DEBUG=1",
					"$(inherited)",
				);
				GCC_WARN_64_TO_32_BIT_CONVERSION = YES;
				GCC_WARN_ABOUT_RETURN_TYPE = YES_ERROR;
				GCC_WARN_UNDECLARED_SELECTOR = YES;
				GCC_WARN_UNINITIALIZED_AUTOS = YES_AGGRESSIVE;
				GCC_WARN_UNUSED_FUNCTION = YES;
				GCC_WARN_UNUSED_VARIABLE = YES;
				IPHONEOS_DEPLOYMENT_TARGET = 12.1;
				MTL_ENABLE_DEBUG_INFO = INCLUDE_SOURCE;
				MTL_FAST_MATH = YES;
				ONLY_ACTIVE_ARCH = YES;
				SDKROOT = iphoneos;
				SWIFT_ACTIVE_COMPILATION_CONDITIONS = DEBUG;
				SWIFT_OPTIMIZATION_LEVEL = "-Onone";
			};
			name = Debug;
		};
		5258EF9A2258FA5B00BF6535 /* Release */ = {
			isa = XCBuildConfiguration;
			buildSettings = {
				ALWAYS_SEARCH_USER_PATHS = NO;
				CLANG_ANALYZER_NONNULL = YES;
				CLANG_ANALYZER_NUMBER_OBJECT_CONVERSION = YES_AGGRESSIVE;
				CLANG_CXX_LANGUAGE_STANDARD = "gnu++14";
				CLANG_CXX_LIBRARY = "libc++";
				CLANG_ENABLE_MODULES = YES;
				CLANG_ENABLE_OBJC_ARC = YES;
				CLANG_ENABLE_OBJC_WEAK = YES;
				CLANG_WARN_BLOCK_CAPTURE_AUTORELEASING = YES;
				CLANG_WARN_BOOL_CONVERSION = YES;
				CLANG_WARN_COMMA = YES;
				CLANG_WARN_CONSTANT_CONVERSION = YES;
				CLANG_WARN_DEPRECATED_OBJC_IMPLEMENTATIONS = YES;
				CLANG_WARN_DIRECT_OBJC_ISA_USAGE = YES_ERROR;
				CLANG_WARN_DOCUMENTATION_COMMENTS = YES;
				CLANG_WARN_EMPTY_BODY = YES;
				CLANG_WARN_ENUM_CONVERSION = YES;
				CLANG_WARN_INFINITE_RECURSION = YES;
				CLANG_WARN_INT_CONVERSION = YES;
				CLANG_WARN_NON_LITERAL_NULL_CONVERSION = YES;
				CLANG_WARN_OBJC_IMPLICIT_RETAIN_SELF = YES;
				CLANG_WARN_OBJC_LITERAL_CONVERSION = YES;
				CLANG_WARN_OBJC_ROOT_CLASS = YES_ERROR;
				CLANG_WARN_RANGE_LOOP_ANALYSIS = YES;
				CLANG_WARN_STRICT_PROTOTYPES = YES;
				CLANG_WARN_SUSPICIOUS_MOVE = YES;
				CLANG_WARN_UNGUARDED_AVAILABILITY = YES_AGGRESSIVE;
				CLANG_WARN_UNREACHABLE_CODE = YES;
				CLANG_WARN__DUPLICATE_METHOD_MATCH = YES;
				CODE_SIGN_IDENTITY = "iPhone Developer";
				COPY_PHASE_STRIP = NO;
				DEBUG_INFORMATION_FORMAT = "dwarf-with-dsym";
				ENABLE_NS_ASSERTIONS = NO;
				ENABLE_STRICT_OBJC_MSGSEND = YES;
				GCC_C_LANGUAGE_STANDARD = gnu11;
				GCC_NO_COMMON_BLOCKS = YES;
				GCC_WARN_64_TO_32_BIT_CONVERSION = YES;
				GCC_WARN_ABOUT_RETURN_TYPE = YES_ERROR;
				GCC_WARN_UNDECLARED_SELECTOR = YES;
				GCC_WARN_UNINITIALIZED_AUTOS = YES_AGGRESSIVE;
				GCC_WARN_UNUSED_FUNCTION = YES;
				GCC_WARN_UNUSED_VARIABLE = YES;
				IPHONEOS_DEPLOYMENT_TARGET = 12.1;
				MTL_ENABLE_DEBUG_INFO = NO;
				MTL_FAST_MATH = YES;
				SDKROOT = iphoneos;
				SWIFT_COMPILATION_MODE = wholemodule;
				SWIFT_OPTIMIZATION_LEVEL = "-O";
				VALIDATE_PRODUCT = YES;
			};
			name = Release;
		};
		5258EF9C2258FA5B00BF6535 /* Debug */ = {
			isa = XCBuildConfiguration;
			buildSettings = {
				ASSETCATALOG_COMPILER_APPICON_NAME = AppIcon;
				CODE_SIGN_STYLE = Automatic;
				INFOPLIST_FILE = QuizzApp/Info.plist;
				LD_RUNPATH_SEARCH_PATHS = (
					"$(inherited)",
					"@executable_path/Frameworks",
				);
				PRODUCT_BUNDLE_IDENTIFIER = hr.fer.jerkovic.bruno.QuizzApp;
				PRODUCT_NAME = "$(TARGET_NAME)";
				SWIFT_VERSION = 4.2;
				TARGETED_DEVICE_FAMILY = "1,2";
			};
			name = Debug;
		};
		5258EF9D2258FA5B00BF6535 /* Release */ = {
			isa = XCBuildConfiguration;
			buildSettings = {
				ASSETCATALOG_COMPILER_APPICON_NAME = AppIcon;
				CODE_SIGN_STYLE = Automatic;
				INFOPLIST_FILE = QuizzApp/Info.plist;
				LD_RUNPATH_SEARCH_PATHS = (
					"$(inherited)",
					"@executable_path/Frameworks",
				);
				PRODUCT_BUNDLE_IDENTIFIER = hr.fer.jerkovic.bruno.QuizzApp;
				PRODUCT_NAME = "$(TARGET_NAME)";
				SWIFT_VERSION = 4.2;
				TARGETED_DEVICE_FAMILY = "1,2";
			};
			name = Release;
		};
		5258EF9F2258FA5B00BF6535 /* Debug */ = {
			isa = XCBuildConfiguration;
			buildSettings = {
				ALWAYS_EMBED_SWIFT_STANDARD_LIBRARIES = YES;
				BUNDLE_LOADER = "$(TEST_HOST)";
				CODE_SIGN_STYLE = Automatic;
				INFOPLIST_FILE = QuizzAppTests/Info.plist;
				LD_RUNPATH_SEARCH_PATHS = (
					"$(inherited)",
					"@executable_path/Frameworks",
					"@loader_path/Frameworks",
				);
				PRODUCT_BUNDLE_IDENTIFIER = hr.fer.jerkovic.bruno.QuizzAppTests;
				PRODUCT_NAME = "$(TARGET_NAME)";
				SWIFT_VERSION = 4.2;
				TARGETED_DEVICE_FAMILY = "1,2";
				TEST_HOST = "$(BUILT_PRODUCTS_DIR)/QuizzApp.app/QuizzApp";
			};
			name = Debug;
		};
		5258EFA02258FA5B00BF6535 /* Release */ = {
			isa = XCBuildConfiguration;
			buildSettings = {
				ALWAYS_EMBED_SWIFT_STANDARD_LIBRARIES = YES;
				BUNDLE_LOADER = "$(TEST_HOST)";
				CODE_SIGN_STYLE = Automatic;
				INFOPLIST_FILE = QuizzAppTests/Info.plist;
				LD_RUNPATH_SEARCH_PATHS = (
					"$(inherited)",
					"@executable_path/Frameworks",
					"@loader_path/Frameworks",
				);
				PRODUCT_BUNDLE_IDENTIFIER = hr.fer.jerkovic.bruno.QuizzAppTests;
				PRODUCT_NAME = "$(TARGET_NAME)";
				SWIFT_VERSION = 4.2;
				TARGETED_DEVICE_FAMILY = "1,2";
				TEST_HOST = "$(BUILT_PRODUCTS_DIR)/QuizzApp.app/QuizzApp";
			};
			name = Release;
		};
		5258EFA22258FA5B00BF6535 /* Debug */ = {
			isa = XCBuildConfiguration;
			buildSettings = {
				ALWAYS_EMBED_SWIFT_STANDARD_LIBRARIES = YES;
				CODE_SIGN_STYLE = Automatic;
				INFOPLIST_FILE = QuizzAppUITests/Info.plist;
				LD_RUNPATH_SEARCH_PATHS = (
					"$(inherited)",
					"@executable_path/Frameworks",
					"@loader_path/Frameworks",
				);
				PRODUCT_BUNDLE_IDENTIFIER = hr.fer.jerkovic.bruno.QuizzAppUITests;
				PRODUCT_NAME = "$(TARGET_NAME)";
				SWIFT_VERSION = 4.2;
				TARGETED_DEVICE_FAMILY = "1,2";
				TEST_TARGET_NAME = QuizzApp;
			};
			name = Debug;
		};
		5258EFA32258FA5B00BF6535 /* Release */ = {
			isa = XCBuildConfiguration;
			buildSettings = {
				ALWAYS_EMBED_SWIFT_STANDARD_LIBRARIES = YES;
				CODE_SIGN_STYLE = Automatic;
				INFOPLIST_FILE = QuizzAppUITests/Info.plist;
				LD_RUNPATH_SEARCH_PATHS = (
					"$(inherited)",
					"@executable_path/Frameworks",
					"@loader_path/Frameworks",
				);
				PRODUCT_BUNDLE_IDENTIFIER = hr.fer.jerkovic.bruno.QuizzAppUITests;
				PRODUCT_NAME = "$(TARGET_NAME)";
				SWIFT_VERSION = 4.2;
				TARGETED_DEVICE_FAMILY = "1,2";
				TEST_TARGET_NAME = QuizzApp;
			};
			name = Release;
		};
/* End XCBuildConfiguration section */

/* Begin XCConfigurationList section */
		5258EF6E2258FA5A00BF6535 /* Build configuration list for PBXProject "QuizzApp" */ = {
			isa = XCConfigurationList;
			buildConfigurations = (
				5258EF992258FA5B00BF6535 /* Debug */,
				5258EF9A2258FA5B00BF6535 /* Release */,
			);
			defaultConfigurationIsVisible = 0;
			defaultConfigurationName = Release;
		};
		5258EF9B2258FA5B00BF6535 /* Build configuration list for PBXNativeTarget "QuizzApp" */ = {
			isa = XCConfigurationList;
			buildConfigurations = (
				5258EF9C2258FA5B00BF6535 /* Debug */,
				5258EF9D2258FA5B00BF6535 /* Release */,
			);
			defaultConfigurationIsVisible = 0;
			defaultConfigurationName = Release;
		};
		5258EF9E2258FA5B00BF6535 /* Build configuration list for PBXNativeTarget "QuizzAppTests" */ = {
			isa = XCConfigurationList;
			buildConfigurations = (
				5258EF9F2258FA5B00BF6535 /* Debug */,
				5258EFA02258FA5B00BF6535 /* Release */,
			);
			defaultConfigurationIsVisible = 0;
			defaultConfigurationName = Release;
		};
		5258EFA12258FA5B00BF6535 /* Build configuration list for PBXNativeTarget "QuizzAppUITests" */ = {
			isa = XCConfigurationList;
			buildConfigurations = (
				5258EFA22258FA5B00BF6535 /* Debug */,
				5258EFA32258FA5B00BF6535 /* Release */,
			);
			defaultConfigurationIsVisible = 0;
			defaultConfigurationName = Release;
		};
/* End XCConfigurationList section */
	};
	rootObject = 5258EF6B2258FA5A00BF6535 /* Project object */;
}
